// !$*UTF8*$!
{
	archiveVersion = 1;
	classes = {
	};
	objectVersion = 46;
	objects = {

/* Begin PBXBuildFile section */
		BC750E391CD1B80A00927743 /* main.m in Sources */ = {isa = PBXBuildFile; fileRef = BC750E381CD1B80A00927743 /* main.m */; };
		BC750E3C1CD1B80A00927743 /* AppDelegate.m in Sources */ = {isa = PBXBuildFile; fileRef = BC750E3B1CD1B80A00927743 /* AppDelegate.m */; };
		BC750E3F1CD1B80A00927743 /* ViewController.m in Sources */ = {isa = PBXBuildFile; fileRef = BC750E3E1CD1B80A00927743 /* ViewController.m */; };
		BC750E421CD1B80A00927743 /* Main.storyboard in Resources */ = {isa = PBXBuildFile; fileRef = BC750E401CD1B80A00927743 /* Main.storyboard */; };
		BC750E441CD1B80A00927743 /* Assets.xcassets in Resources */ = {isa = PBXBuildFile; fileRef = BC750E431CD1B80A00927743 /* Assets.xcassets */; };
		BC750E471CD1B80A00927743 /* LaunchScreen.storyboard in Resources */ = {isa = PBXBuildFile; fileRef = BC750E451CD1B80A00927743 /* LaunchScreen.storyboard */; };
/* End PBXBuildFile section */

/* Begin PBXFileReference section */
		BC750E341CD1B80A00927743 /* GItCode.app */ = {isa = PBXFileReference; explicitFileType = wrapper.application; includeInIndex = 0; path = GItCode.app; sourceTree = BUILT_PRODUCTS_DIR; };
		BC750E381CD1B80A00927743 /* main.m */ = {isa = PBXFileReference; lastKnownFileType = sourcecode.c.objc; path = main.m; sourceTree = "<group>"; };
		BC750E3A1CD1B80A00927743 /* AppDelegate.h */ = {isa = PBXFileReference; lastKnownFileType = sourcecode.c.h; path = AppDelegate.h; sourceTree = "<group>"; };
		BC750E3B1CD1B80A00927743 /* AppDelegate.m */ = {isa = PBXFileReference; lastKnownFileType = sourcecode.c.objc; path = AppDelegate.m; sourceTree = "<group>"; };
		BC750E3D1CD1B80A00927743 /* ViewController.h */ = {isa = PBXFileReference; lastKnownFileType = sourcecode.c.h; path = ViewController.h; sourceTree = "<group>"; };
		BC750E3E1CD1B80A00927743 /* ViewController.m */ = {isa = PBXFileReference; lastKnownFileType = sourcecode.c.objc; path = ViewController.m; sourceTree = "<group>"; };
		BC750E411CD1B80A00927743 /* Base */ = {isa = PBXFileReference; lastKnownFileType = file.storyboard; name = Base; path = Base.lproj/Main.storyboard; sourceTree = "<group>"; };
		BC750E431CD1B80A00927743 /* Assets.xcassets */ = {isa = PBXFileReference; lastKnownFileType = folder.assetcatalog; path = Assets.xcassets; sourceTree = "<group>"; };
		BC750E461CD1B80A00927743 /* Base */ = {isa = PBXFileReference; lastKnownFileType = file.storyboard; name = Base; path = Base.lproj/LaunchScreen.storyboard; sourceTree = "<group>"; };
		BC750E481CD1B80A00927743 /* Info.plist */ = {isa = PBXFileReference; lastKnownFileType = text.plist.xml; path = Info.plist; sourceTree = "<group>"; };
/* End PBXFileReference section */

/* Begin PBXFrameworksBuildPhase section */
		BC750E311CD1B80A00927743 /* Frameworks */ = {
			isa = PBXFrameworksBuildPhase;
			buildActionMask = 2147483647;
			files = (
			);
			runOnlyForDeploymentPostprocessing = 0;
		};
/* End PBXFrameworksBuildPhase section */

/* Begin PBXGroup section */
		BC750E2B1CD1B80A00927743 = {
			isa = PBXGroup;
			children = (
				BC750E361CD1B80A00927743 /* GItCode */,
				BC750E351CD1B80A00927743 /* Products */,
			);
			sourceTree = "<group>";
		};
		BC750E351CD1B80A00927743 /* Products */ = {
			isa = PBXGroup;
			children = (
				BC750E341CD1B80A00927743 /* GItCode.app */,
			);
			name = Products;
			sourceTree = "<group>";
		};
		BC750E361CD1B80A00927743 /* GItCode */ = {
			isa = PBXGroup;
			children = (
				BC750E3A1CD1B80A00927743 /* AppDelegate.h */,
				BC750E3B1CD1B80A00927743 /* AppDelegate.m */,
				BC750E3D1CD1B80A00927743 /* ViewController.h */,
				BC750E3E1CD1B80A00927743 /* ViewController.m */,
				BC750E401CD1B80A00927743 /* Main.storyboard */,
				BC750E431CD1B80A00927743 /* Assets.xcassets */,
				BC750E451CD1B80A00927743 /* LaunchScreen.storyboard */,
				BC750E481CD1B80A00927743 /* Info.plist */,
				BC750E371CD1B80A00927743 /* Supporting Files */,
			);
			path = GItCode;
			sourceTree = "<group>";
		};
		BC750E371CD1B80A00927743 /* Supporting Files */ = {
			isa = PBXGroup;
			children = (
				BC750E381CD1B80A00927743 /* main.m */,
			);
			name = "Supporting Files";
			sourceTree = "<group>";
		};
/* End PBXGroup section */

/* Begin PBXNativeTarget section */
		BC750E331CD1B80A00927743 /* GItCode */ = {
			isa = PBXNativeTarget;
			buildConfigurationList = BC750E4B1CD1B80A00927743 /* Build configuration list for PBXNativeTarget "GItCode" */;
			buildPhases = (
				BC750E301CD1B80A00927743 /* Sources */,
				BC750E311CD1B80A00927743 /* Frameworks */,
				BC750E321CD1B80A00927743 /* Resources */,
			);
			buildRules = (
			);
			dependencies = (
			);
			name = GItCode;
			productName = GItCode;
			productReference = BC750E341CD1B80A00927743 /* GItCode.app */;
			productType = "com.apple.product-type.application";
		};
/* End PBXNativeTarget section */

/* Begin PBXProject section */
		BC750E2C1CD1B80A00927743 /* Project object */ = {
			isa = PBXProject;
			attributes = {
				LastUpgradeCheck = 0720;
				ORGANIZATIONNAME = qianfeng;
				TargetAttributes = {
					BC750E331CD1B80A00927743 = {
						CreatedOnToolsVersion = 7.2.1;
					};
				};
			};
			buildConfigurationList = BC750E2F1CD1B80A00927743 /* Build configuration list for PBXProject "GItCode" */;
			compatibilityVersion = "Xcode 3.2";
			developmentRegion = English;
			hasScannedForEncodings = 0;
			knownRegions = (
				en,
				Base,
			);
			mainGroup = BC750E2B1CD1B80A00927743;
			productRefGroup = BC750E351CD1B80A00927743 /* Products */;
			projectDirPath = "";
			projectRoot = "";
			targets = (
				BC750E331CD1B80A00927743 /* GItCode */,
			);
		};
/* End PBXProject section */

/* Begin PBXResourcesBuildPhase section */
		BC750E321CD1B80A00927743 /* Resources */ = {
			isa = PBXResourcesBuildPhase;
			buildActionMask = 2147483647;
			files = (
				BC750E471CD1B80A00927743 /* LaunchScreen.storyboard in Resources */,
				BC750E441CD1B80A00927743 /* Assets.xcassets in Resources */,
				BC750E421CD1B80A00927743 /* Main.storyboard in Resources */,
			);
			runOnlyForDeploymentPostprocessing = 0;
		};
/* End PBXResourcesBuildPhase section */

/* Begin PBXSourcesBuildPhase section */
		BC750E301CD1B80A00927743 /* Sources */ = {
			isa = PBXSourcesBuildPhase;
			buildActionMask = 2147483647;
			files = (
				BC750E3F1CD1B80A00927743 /* ViewController.m in Sources */,
				BC750E3C1CD1B80A00927743 /* AppDelegate.m in Sources */,
				BC750E391CD1B80A00927743 /* main.m in Sources */,
			);
			runOnlyForDeploymentPostprocessing = 0;
		};
/* End PBXSourcesBuildPhase section */

/* Begin PBXVariantGroup section */
		BC750E401CD1B80A00927743 /* Main.storyboard */ = {
			isa = PBXVariantGroup;
			children = (
				BC750E411CD1B80A00927743 /* Base */,
			);
			name = Main.storyboard;
			sourceTree = "<group>";
		};
		BC750E451CD1B80A00927743 /* LaunchScreen.storyboard */ = {
			isa = PBXVariantGroup;
			children = (
				BC750E461CD1B80A00927743 /* Base */,
			);
			name = LaunchScreen.storyboard;
			sourceTree = "<group>";
		};
/* End PBXVariantGroup section */

/* Begin XCBuildConfiguration section */
		BC750E491CD1B80A00927743 /* Debug */ = {
			isa = XCBuildConfiguration;
			buildSettings = {
				ALWAYS_SEARCH_USER_PATHS = NO;
				CLANG_CXX_LANGUAGE_STANDARD = "gnu++0x";
				CLANG_CXX_LIBRARY = "libc++";
				CLANG_ENABLE_MODULES = YES;
				CLANG_ENABLE_OBJC_ARC = YES;
				CLANG_WARN_BOOL_CONVERSION = YES;
				CLANG_WARN_CONSTANT_CONVERSION = YES;
				CLANG_WARN_DIRECT_OBJC_ISA_USAGE = YES_ERROR;
				CLANG_WARN_EMPTY_BODY = YES;
				CLANG_WARN_ENUM_CONVERSION = YES;
				CLANG_WARN_INT_CONVERSION = YES;
				CLANG_WARN_OBJC_ROOT_CLASS = YES_ERROR;
				CLANG_WARN_UNREACHABLE_CODE = YES;
				CLANG_WARN__DUPLICATE_METHOD_MATCH = YES;
				"CODE_SIGN_IDENTITY[sdk=iphoneos*]" = "iPhone Developer";
				COPY_PHASE_STRIP = NO;
				DEBUG_INFORMATION_FORMAT = dwarf;
				ENABLE_STRICT_OBJC_MSGSEND = YES;
				ENABLE_TESTABILITY = YES;
				GCC_C_LANGUAGE_STANDARD = gnu99;
				GCC_DYNAMIC_NO_PIC = NO;
				GCC_NO_COMMON_BLOCKS = YES;
				GCC_OPTIMIZATION_LEVEL = 0;
				GCC_PREPROCESSOR_DEFINITIONS = (
					"DEBUG=1",
					"$(inherited)",
				);
				GCC_WARN_64_TO_32_BIT_CONVERSION = YES;
				GCC_WARN_ABOUT_RETURN_TYPE = YES_ERROR;
				GCC_WARN_UNDECLARED_SELECTOR = YES;
				GCC_WARN_UNINITIALIZED_AUTOS = YES_AGGRESSIVE;
				GCC_WARN_UNUSED_FUNCTION = YES;
				GCC_WARN_UNUSED_VARIABLE = YES;
				IPHONEOS_DEPLOYMENT_TARGET = 9.2;
				MTL_ENABLE_DEBUG_INFO = YES;
				ONLY_ACTIVE_ARCH = YES;
				SDKROOT = iphoneos;
				TARGETED_DEVICE_FAMILY = "1,2";
			};
			name = Debug;
		};
		BC750E4A1CD1B80A00927743 /* Release */ = {
			isa = XCBuildConfiguration;
			buildSettings = {
				ALWAYS_SEARCH_USER_PATHS = NO;
				CLANG_CXX_LANGUAGE_STANDARD = "gnu++0x";
				CLANG_CXX_LIBRARY = "libc++";
				CLANG_ENABLE_MODULES = YES;
				CLANG_ENABLE_OBJC_ARC = YES;
				CLANG_WARN_BOOL_CONVERSION = YES;
				CLANG_WARN_CONSTANT_CONVERSION = YES;
				CLANG_WARN_DIRECT_OBJC_ISA_USAGE = YES_ERROR;
				CLANG_WARN_EMPTY_BODY = YES;
				CLANG_WARN_ENUM_CONVERSION = YES;
				CLANG_WARN_INT_CONVERSION = YES;
				CLANG_WARN_OBJC_ROOT_CLASS = YES_ERROR;
				CLANG_WARN_UNREACHABLE_CODE = YES;
				CLANG_WARN__DUPLICATE_METHOD_MATCH = YES;
				"CODE_SIGN_IDENTITY[sdk=iphoneos*]" = "iPhone Developer";
				COPY_PHASE_STRIP = NO;
				DEBUG_INFORMATION_FORMAT = "dwarf-with-dsym";
				ENABLE_NS_ASSERTIONS = NO;
				ENABLE_STRICT_OBJC_MSGSEND = YES;
				GCC_C_LANGUAGE_STANDARD = gnu99;
				GCC_NO_COMMON_BLOCKS = YES;
				GCC_WARN_64_TO_32_BIT_CONVERSION = YES;
				GCC_WARN_ABOUT_RETURN_TYPE = YES_ERROR;
				GCC_WARN_UNDECLARED_SELECTOR = YES;
				GCC_WARN_UNINITIALIZED_AUTOS = YES_AGGRESSIVE;
				GCC_WARN_UNUSED_FUNCTION = YES;
				GCC_WARN_UNUSED_VARIABLE = YES;
				IPHONEOS_DEPLOYMENT_TARGET = 9.2;
				MTL_ENABLE_DEBUG_INFO = NO;
				SDKROOT = iphoneos;
				TARGETED_DEVICE_FAMILY = "1,2";
				VALIDATE_PRODUCT = YES;
			};
			name = Release;
		};
		BC750E4C1CD1B80A00927743 /* Debug */ = {
			isa = XCBuildConfiguration;
			buildSettings = {
				ASSETCATALOG_COMPILER_APPICON_NAME = AppIcon;
				INFOPLIST_FILE = GItCode/Info.plist;
				LD_RUNPATH_SEARCH_PATHS = "$(inherited) @executable_path/Frameworks";
				PRODUCT_BUNDLE_IDENTIFIER = qf.GItCode;
				PRODUCT_NAME = "$(TARGET_NAME)";
			};
			name = Debug;
		};
		BC750E4D1CD1B80A00927743 /* Release */ = {
			isa = XCBuildConfiguration;
			buildSettings = {
				ASSETCATALOG_COMPILER_APPICON_NAME = AppIcon;
				INFOPLIST_FILE = GItCode/Info.plist;
				LD_RUNPATH_SEARCH_PATHS = "$(inherited) @executable_path/Frameworks";
				PRODUCT_BUNDLE_IDENTIFIER = qf.GItCode;
				PRODUCT_NAME = "$(TARGET_NAME)";
			};
			name = Release;
		};
/* End XCBuildConfiguration section */

/* Begin XCConfigurationList section */
		BC750E2F1CD1B80A00927743 /* Build configuration list for PBXProject "GItCode" */ = {
			isa = XCConfigurationList;
			buildConfigurations = (
				BC750E491CD1B80A00927743 /* Debug */,
				BC750E4A1CD1B80A00927743 /* Release */,
			);
			defaultConfigurationIsVisible = 0;
			defaultConfigurationName = Release;
		};
		BC750E4B1CD1B80A00927743 /* Build configuration list for PBXNativeTarget "GItCode" */ = {
			isa = XCConfigurationList;
			buildConfigurations = (
				BC750E4C1CD1B80A00927743 /* Debug */,
				BC750E4D1CD1B80A00927743 /* Release */,
			);
			defaultConfigurationIsVisible = 0;
		};
/* End XCConfigurationList section */
	};
	rootObject = BC750E2C1CD1B80A00927743 /* Project object */;
}
